
Microsoft Visual Studio Solution File, Format Version 12.00
# Visual Studio Version 17
VisualStudioVersion = 17.11.35222.181
MinimumVisualStudioVersion = 10.0.40219.1
Project("{9A19103F-16F7-4668-BE54-9A1E7A4F7556}") = "oa", "oa.csproj", "{50CA4C50-9681-4A64-967F-1A63A70461F3}"
EndProject
Global
	GlobalSection(SolutionConfigurationPlatforms) = preSolution
		Debug|Any CPU = Debug|Any CPU
		Release|Any CPU = Release|Any CPU
	EndGlobalSection
	GlobalSection(ProjectConfigurationPlatforms) = postSolution
		{50CA4C50-9681-4A64-967F-1A63A70461F3}.Debug|Any CPU.ActiveCfg = Debug|Any CPU
		{50CA4C50-9681-4A64-967F-1A63A70461F3}.Debug|Any CPU.Build.0 = Debug|Any CPU
		{50CA4C50-9681-4A64-967F-1A63A70461F3}.Release|Any CPU.ActiveCfg = Release|Any CPU
		{50CA4C50-9681-4A64-967F-1A63A70461F3}.Release|Any CPU.Build.0 = Release|Any CPU
	EndGlobalSection
	GlobalSection(SolutionProperties) = preSolution
		HideSolutionNode = FALSE
	EndGlobalSection
	GlobalSection(ExtensibilityGlobals) = postSolution
		SolutionGuid = {36A56F51-145B-44A9-B676-44BF084DF5EA}
	EndGlobalSection
EndGlobal
